// !$*UTF8*$!
{
	archiveVersion = 1;
	classes = {
	};
	objectVersion = 46;
	objects = {

/* Begin PBXBuildFile section */
		02FDC3CA19A42E990034DA73 /* RectangleTests.c in Sources */ = {isa = PBXBuildFile; fileRef = 02FDC3C919A42E990034DA73 /* RectangleTests.c */; };
		02FDC3CC19A42E990034DA73 /* CinyTest_Example.1 in CopyFiles */ = {isa = PBXBuildFile; fileRef = 02FDC3CB19A42E990034DA73 /* CinyTest_Example.1 */; };
		02FDC3D419A42ED50034DA73 /* Rectangle.c in Sources */ = {isa = PBXBuildFile; fileRef = 02FDC3D319A42ED50034DA73 /* Rectangle.c */; };
		02FDC3D619A42F9E0034DA73 /* libCinyTest.a in Frameworks */ = {isa = PBXBuildFile; fileRef = 02FDC3D519A42F9E0034DA73 /* libCinyTest.a */; };
/* End PBXBuildFile section */

/* Begin PBXCopyFilesBuildPhase section */
		02FDC3C419A42E980034DA73 /* CopyFiles */ = {
			isa = PBXCopyFilesBuildPhase;
			buildActionMask = 2147483647;
			dstPath = /usr/share/man/man1/;
			dstSubfolderSpec = 0;
			files = (
				02FDC3CC19A42E990034DA73 /* CinyTest_Example.1 in CopyFiles */,
			);
			runOnlyForDeploymentPostprocessing = 1;
		};
/* End PBXCopyFilesBuildPhase section */

/* Begin PBXFileReference section */
		02FDC3C619A42E990034DA73 /* CinyTest-Example */ = {isa = PBXFileReference; explicitFileType = "compiled.mach-o.executable"; includeInIndex = 0; path = "CinyTest-Example"; sourceTree = BUILT_PRODUCTS_DIR; };
		02FDC3C919A42E990034DA73 /* RectangleTests.c */ = {isa = PBXFileReference; lastKnownFileType = sourcecode.c.c; path = RectangleTests.c; sourceTree = "<group>"; };
		02FDC3CB19A42E990034DA73 /* CinyTest_Example.1 */ = {isa = PBXFileReference; lastKnownFileType = text.man; path = CinyTest_Example.1; sourceTree = "<group>"; };
		02FDC3D219A42EA60034DA73 /* Rectangle.h */ = {isa = PBXFileReference; lastKnownFileType = sourcecode.c.h; path = Rectangle.h; sourceTree = "<group>"; };
		02FDC3D319A42ED50034DA73 /* Rectangle.c */ = {isa = PBXFileReference; fileEncoding = 4; lastKnownFileType = sourcecode.c.c; path = Rectangle.c; sourceTree = "<group>"; };
		02FDC3D519A42F9E0034DA73 /* libCinyTest.a */ = {isa = PBXFileReference; lastKnownFileType = archive.ar; name = libCinyTest.a; path = CinyTest/libCinyTest.a; sourceTree = "<group>"; };
/* End PBXFileReference section */

/* Begin PBXFrameworksBuildPhase section */
		02FDC3C319A42E980034DA73 /* Frameworks */ = {
			isa = PBXFrameworksBuildPhase;
			buildActionMask = 2147483647;
			files = (
				02FDC3D619A42F9E0034DA73 /* libCinyTest.a in Frameworks */,
			);
			runOnlyForDeploymentPostprocessing = 0;
		};
/* End PBXFrameworksBuildPhase section */

/* Begin PBXGroup section */
		02FDC3BD19A42E980034DA73 = {
			isa = PBXGroup;
			children = (
				02FDC3D519A42F9E0034DA73 /* libCinyTest.a */,
				02FDC3C819A42E990034DA73 /* CinyTest-Example */,
				02FDC3C719A42E990034DA73 /* Products */,
			);
			sourceTree = "<group>";
		};
		02FDC3C719A42E990034DA73 /* Products */ = {
			isa = PBXGroup;
			children = (
				02FDC3C619A42E990034DA73 /* CinyTest-Example */,
			);
			name = Products;
			sourceTree = "<group>";
		};
		02FDC3C819A42E990034DA73 /* CinyTest-Example */ = {
			isa = PBXGroup;
			children = (
				02FDC3C919A42E990034DA73 /* RectangleTests.c */,
				02FDC3CB19A42E990034DA73 /* CinyTest_Example.1 */,
				02FDC3D219A42EA60034DA73 /* Rectangle.h */,
				02FDC3D319A42ED50034DA73 /* Rectangle.c */,
			);
			path = "CinyTest-Example";
			sourceTree = "<group>";
		};
/* End PBXGroup section */

/* Begin PBXNativeTarget section */
		02FDC3C519A42E980034DA73 /* CinyTest-Example */ = {
			isa = PBXNativeTarget;
			buildConfigurationList = 02FDC3CF19A42E990034DA73 /* Build configuration list for PBXNativeTarget "CinyTest-Example" */;
			buildPhases = (
				02FDC3C219A42E980034DA73 /* Sources */,
				02FDC3C319A42E980034DA73 /* Frameworks */,
				02FDC3C419A42E980034DA73 /* CopyFiles */,
			);
			buildRules = (
			);
			dependencies = (
			);
			name = "CinyTest-Example";
			productName = "CinyTest-Example";
			productReference = 02FDC3C619A42E990034DA73 /* CinyTest-Example */;
			productType = "com.apple.product-type.tool";
		};
/* End PBXNativeTarget section */

/* Begin PBXProject section */
		02FDC3BE19A42E980034DA73 /* Project object */ = {
			isa = PBXProject;
			attributes = {
				LastUpgradeCheck = 0510;
				ORGANIZATIONNAME = "Monkey Bits";
			};
			buildConfigurationList = 02FDC3C119A42E980034DA73 /* Build configuration list for PBXProject "CinyTest-Example" */;
			compatibilityVersion = "Xcode 3.2";
			developmentRegion = English;
			hasScannedForEncodings = 0;
			knownRegions = (
				en,
			);
			mainGroup = 02FDC3BD19A42E980034DA73;
			productRefGroup = 02FDC3C719A42E990034DA73 /* Products */;
			projectDirPath = "";
			projectRoot = "";
			targets = (
				02FDC3C519A42E980034DA73 /* CinyTest-Example */,
			);
		};
/* End PBXProject section */

/* Begin PBXSourcesBuildPhase section */
		02FDC3C219A42E980034DA73 /* Sources */ = {
			isa = PBXSourcesBuildPhase;
			buildActionMask = 2147483647;
			files = (
				02FDC3CA19A42E990034DA73 /* RectangleTests.c in Sources */,
				02FDC3D419A42ED50034DA73 /* Rectangle.c in Sources */,
			);
			runOnlyForDeploymentPostprocessing = 0;
		};
/* End PBXSourcesBuildPhase section */

/* Begin XCBuildConfiguration section */
		02FDC3CD19A42E990034DA73 /* Debug */ = {
			isa = XCBuildConfiguration;
			buildSettings = {
				ALWAYS_SEARCH_USER_PATHS = NO;
				CLANG_ENABLE_MODULES = YES;
				CLANG_ENABLE_OBJC_ARC = YES;
				CLANG_WARN_BOOL_CONVERSION = YES;
				CLANG_WARN_CONSTANT_CONVERSION = YES;
				CLANG_WARN_DIRECT_OBJC_ISA_USAGE = YES_ERROR;
				CLANG_WARN_EMPTY_BODY = YES;
				CLANG_WARN_ENUM_CONVERSION = YES;
				CLANG_WARN_INT_CONVERSION = YES;
				CLANG_WARN_OBJC_ROOT_CLASS = YES_ERROR;
				CLANG_WARN_UNREACHABLE_CODE = YES;
				CLANG_WARN__DUPLICATE_METHOD_MATCH = YES;
				COPY_PHASE_STRIP = NO;
				GCC_C_LANGUAGE_STANDARD = c11;
				GCC_DYNAMIC_NO_PIC = NO;
				GCC_ENABLE_OBJC_EXCEPTIONS = YES;
				GCC_OPTIMIZATION_LEVEL = 0;
				GCC_PREPROCESSOR_DEFINITIONS = (
					"DEBUG=1",
					"$(inherited)",
				);
				GCC_SYMBOLS_PRIVATE_EXTERN = NO;
				GCC_WARN_64_TO_32_BIT_CONVERSION = YES;
				GCC_WARN_ABOUT_RETURN_TYPE = YES_ERROR;
				GCC_WARN_UNDECLARED_SELECTOR = YES;
				GCC_WARN_UNINITIALIZED_AUTOS = YES;
				GCC_WARN_UNUSED_FUNCTION = YES;
				GCC_WARN_UNUSED_VARIABLE = YES;
				MACOSX_DEPLOYMENT_TARGET = 10.9;
				ONLY_ACTIVE_ARCH = YES;
				SDKROOT = macosx;
			};
			name = Debug;
		};
		02FDC3CE19A42E990034DA73 /* Release */ = {
			isa = XCBuildConfiguration;
			buildSettings = {
				ALWAYS_SEARCH_USER_PATHS = NO;
				CLANG_ENABLE_MODULES = YES;
				CLANG_ENABLE_OBJC_ARC = YES;
				CLANG_WARN_BOOL_CONVERSION = YES;
				CLANG_WARN_CONSTANT_CONVERSION = YES;
				CLANG_WARN_DIRECT_OBJC_ISA_USAGE = YES_ERROR;
				CLANG_WARN_EMPTY_BODY = YES;
				CLANG_WARN_ENUM_CONVERSION = YES;
				CLANG_WARN_INT_CONVERSION = YES;
				CLANG_WARN_OBJC_ROOT_CLASS = YES_ERROR;
				CLANG_WARN_UNREACHABLE_CODE = YES;
				CLANG_WARN__DUPLICATE_METHOD_MATCH = YES;
				COPY_PHASE_STRIP = YES;
				DEBUG_INFORMATION_FORMAT = "dwarf-with-dsym";
				ENABLE_NS_ASSERTIONS = NO;
				GCC_C_LANGUAGE_STANDARD = c11;
				GCC_ENABLE_OBJC_EXCEPTIONS = YES;
				GCC_WARN_64_TO_32_BIT_CONVERSION = YES;
				GCC_WARN_ABOUT_RETURN_TYPE = YES_ERROR;
				GCC_WARN_UNDECLARED_SELECTOR = YES;
				GCC_WARN_UNINITIALIZED_AUTOS = YES;
				GCC_WARN_UNUSED_FUNCTION = YES;
				GCC_WARN_UNUSED_VARIABLE = YES;
				MACOSX_DEPLOYMENT_TARGET = 10.9;
				SDKROOT = macosx;
			};
			name = Release;
		};
		02FDC3D019A42E990034DA73 /* Debug */ = {
			isa = XCBuildConfiguration;
			buildSettings = {
				HEADER_SEARCH_PATHS = (
					"$(inherited)",
					"$(PROJECT_DIR)/CinyTest",
					/Applications/Xcode.app/Contents/Developer/Toolchains/XcodeDefault.xctoolchain/usr/include,
				);
				LIBRARY_SEARCH_PATHS = (
					"$(inherited)",
					"$(PROJECT_DIR)/CinyTest",
				);
				PRODUCT_NAME = "$(TARGET_NAME)";
			};
			name = Debug;
		};
		02FDC3D119A42E990034DA73 /* Release */ = {
			isa = XCBuildConfiguration;
			buildSettings = {
				HEADER_SEARCH_PATHS = (
					"$(inherited)",
					"$(PROJECT_DIR)/CinyTest",
					/Applications/Xcode.app/Contents/Developer/Toolchains/XcodeDefault.xctoolchain/usr/include,
				);
				LIBRARY_SEARCH_PATHS = (
					"$(inherited)",
					"$(PROJECT_DIR)/CinyTest",
				);
				PRODUCT_NAME = "$(TARGET_NAME)";
			};
			name = Release;
		};
/* End XCBuildConfiguration section */

/* Begin XCConfigurationList section */
		02FDC3C119A42E980034DA73 /* Build configuration list for PBXProject "CinyTest-Example" */ = {
			isa = XCConfigurationList;
			buildConfigurations = (
				02FDC3CD19A42E990034DA73 /* Debug */,
				02FDC3CE19A42E990034DA73 /* Release */,
			);
			defaultConfigurationIsVisible = 0;
			defaultConfigurationName = Release;
		};
		02FDC3CF19A42E990034DA73 /* Build configuration list for PBXNativeTarget "CinyTest-Example" */ = {
			isa = XCConfigurationList;
			buildConfigurations = (
				02FDC3D019A42E990034DA73 /* Debug */,
				02FDC3D119A42E990034DA73 /* Release */,
			);
			defaultConfigurationIsVisible = 0;
			defaultConfigurationName = Release;
		};
/* End XCConfigurationList section */
	};
	rootObject = 02FDC3BE19A42E980034DA73 /* Project object */;
}
